<?xml version="1.0" encoding="utf-8"?>
<Project ToolsVersion="4.0" xmlns="http://schemas.microsoft.com/developer/msbuild/2003">
  <ItemGroup>
    <Filter Include="Source Files">
      <UniqueIdentifier>{4FC737F1-C7A5-4376-A066-2A32D752A2FF}</UniqueIdentifier>
      <Extensions>cpp;c;cc;cxx;c++;cppm;ixx;def;odl;idl;hpj;bat;asm;asmx</Extensions>
    </Filter>
    <Filter Include="Header Files">
      <UniqueIdentifier>{93995380-89BD-4b04-88EB-625FBE52EBFB}</UniqueIdentifier>
      <Extensions>h;hh;hpp;hxx;h++;hm;inl;inc;ipp;xsd</Extensions>
    </Filter>
    <Filter Include="Resource Files">
      <UniqueIdentifier>{67DA6AB6-F800-4c08-8B7A-83BB121AAD01}</UniqueIdentifier>
      <Extensions>rc;ico;cur;bmp;dlg;rc2;rct;bin;rgs;gif;jpg;jpeg;jpe;resx;tiff;tif;png;wav;mfcribbon-ms</Extensions>
    </Filter>
    <Filter Include="Header Files\crypto">
      <UniqueIdentifier>{6536dc4f-65c1-4856-a641-2d70e46d300f}</UniqueIdentifier>
    </Filter>
    <Filter Include="Header Files\http">
      <UniqueIdentifier>{9bc6bb3b-6b38-4cfe-867d-b15b6817787f}</UniqueIdentifier>
    </Filter>
    <Filter Include="Header Files\request">
      <UniqueIdentifier>{a5e43fb0-0a8f-4929-8431-df153ef74f16}</UniqueIdentifier>
    </Filter>
    <Filter Include="Header Files\utility">
      <UniqueIdentifier>{c6254232-0adb-446f-8954-e59211fe9a98}</UniqueIdentifier>
    </Filter>
    <Filter Include="Source Files\crypto">
      <UniqueIdentifier>{a8973869-da9b-4e09-9d0c-51b20d19d09e}</UniqueIdentifier>
    </Filter>
    <Filter Include="Source Files\utility">
      <UniqueIdentifier>{c281135c-4a38-47d2-8047-4524e7596f65}</UniqueIdentifier>
    </Filter>
    <Filter Include="Source Files\http">
      <UniqueIdentifier>{7de8ed61-d799-40df-b25d-bf61443e74dc}</UniqueIdentifier>
    </Filter>
    <Filter Include="Source Files\request">
      <UniqueIdentifier>{8469c039-f309-4a83-849c-acede3d00828}</UniqueIdentifier>
    </Filter>
  </ItemGroup>
  <ItemGroup>
    <ClInclude Include="framework.h">
      <Filter>Header Files</Filter>
    </ClInclude>
    <ClInclude Include="pch.h">
      <Filter>Header Files</Filter>
    </ClInclude>
    <ClInclude Include="RequestLibrary.h">
      <Filter>Header Files</Filter>
    </ClInclude>
    <ClInclude Include="Crypto.h">
      <Filter>Header Files\crypto</Filter>
    </ClInclude>
    <ClInclude Include="http.h">
      <Filter>Header Files\http</Filter>
    </ClInclude>
    <ClInclude Include="http2.h">
      <Filter>Header Files\http</Filter>
    </ClInclude>
    <ClInclude Include="HPacker.h">
      <Filter>Header Files\http</Filter>
    </ClInclude>
    <ClInclude Include="HPackTable.h">
      <Filter>Header Files\http</Filter>
    </ClInclude>
    <ClInclude Include="hpack_huffman_table.h">
      <Filter>Header Files\http</Filter>
    </ClInclude>
    <ClInclude Include="profile.h">
      <Filter>Header Files\crypto</Filter>
    </ClInclude>
    <ClInclude Include="profile_chrome.h">
      <Filter>Header Files\crypto</Filter>
    </ClInclude>
    <ClInclude Include="profile_debug.h">
      <Filter>Header Files\crypto</Filter>
    </ClInclude>
    <ClInclude Include="profile_debug_prod.h">
      <Filter>Header Files\crypto</Filter>
    </ClInclude>
    <ClInclude Include="tls_defs.h">
      <Filter>Header Files\crypto</Filter>
    </ClInclude>
    <ClInclude Include="tls_defs_debug_prod.h">
      <Filter>Header Files\crypto</Filter>
    </ClInclude>
    <ClInclude Include="TLS.h">
      <Filter>Header Files\crypto</Filter>
    </ClInclude>
    <ClInclude Include="RequestManager.h">
      <Filter>Header Files\request</Filter>
    </ClInclude>
    <ClInclude Include="request.h">
      <Filter>Header Files\request</Filter>
    </ClInclude>
    <ClInclude Include="Socket.h">
      <Filter>Header Files\request</Filter>
    </ClInclude>
    <ClInclude Include="compress.h">
      <Filter>Header Files\request</Filter>
    </ClInclude>
    <ClInclude Include="decompress.h">
      <Filter>Header Files\request</Filter>
    </ClInclude>
    <ClInclude Include="base64.h">
      <Filter>Header Files\request</Filter>
    </ClInclude>
    <ClInclude Include="Utility.h">
      <Filter>Header Files\utility</Filter>
    </ClInclude>
    <ClInclude Include="StaticTable.h">
      <Filter>Header Files\http</Filter>
    </ClInclude>
    <ClInclude Include="gziputils.h">
      <Filter>Header Files\utility</Filter>
    </ClInclude>
    <ClInclude Include="environment.h">
      <Filter>Header Files</Filter>
    </ClInclude>
  </ItemGroup>
  <ItemGroup>
    <ClCompile Include="dllmain.cpp">
      <Filter>Source Files</Filter>
    </ClCompile>
    <ClCompile Include="pch.cpp">
      <Filter>Source Files</Filter>
    </ClCompile>
    <ClCompile Include="RequestLibrary.cpp">
      <Filter>Source Files</Filter>
    </ClCompile>
    <ClCompile Include="Crypto.cpp">
      <Filter>Source Files\crypto</Filter>
    </ClCompile>
    <ClCompile Include="TLS.cpp">
      <Filter>Source Files\crypto</Filter>
    </ClCompile>
    <ClCompile Include="http.cpp">
      <Filter>Source Files\http</Filter>
    </ClCompile>
    <ClCompile Include="http2.cpp">
      <Filter>Source Files\http</Filter>
    </ClCompile>
    <ClCompile Include="HPackTable.cpp">
      <Filter>Source Files\http</Filter>
    </ClCompile>
    <ClCompile Include="HPacker.cpp">
      <Filter>Source Files\http</Filter>
    </ClCompile>
    <ClCompile Include="request.cpp">
      <Filter>Source Files\request</Filter>
    </ClCompile>
    <ClCompile Include="Utility.cpp">
      <Filter>Source Files\utility</Filter>
    </ClCompile>
    <ClCompile Include="Socket.cpp">
      <Filter>Source Files\request</Filter>
    </ClCompile>
  </ItemGroup>
</Project>